{
  "object": {
    "pins": [
      {
        "package": "SwiftSoup",
        "repositoryURL": "https://github.com/scinfu/SwiftSoup.git",
        "state": {
          "branch": null,
          "revision": "52a9a9e2ae73669111e3f74c7ce833b195e942a3",
          "version": "1.7.1"
        }
      }
    ]
  },
  "version": 1
}
